
Microsoft Visual Studio Solution File, Format Version 12.00
# Visual Studio Version 17
VisualStudioVersion = 17.5.002.0
MinimumVisualStudioVersion = 10.0.40219.1
Project("{9A19103F-16F7-4668-BE54-9A1E7A4F7556}") = "Search-SVC", "Search-SVC.csproj", "{0BAE7CCC-3854-4BFC-9E8C-9F3632BE7CC8}"
EndProject
Global
	GlobalSection(SolutionConfigurationPlatforms) = preSolution
		Debug|Any CPU = Debug|Any CPU
		Release|Any CPU = Release|Any CPU
	EndGlobalSection
	GlobalSection(ProjectConfigurationPlatforms) = postSolution
		{0BAE7CCC-3854-4BFC-9E8C-9F3632BE7CC8}.Debug|Any CPU.ActiveCfg = Debug|Any CPU
		{0BAE7CCC-3854-4BFC-9E8C-9F3632BE7CC8}.Debug|Any CPU.Build.0 = Debug|Any CPU
		{0BAE7CCC-3854-4BFC-9E8C-9F3632BE7CC8}.Release|Any CPU.ActiveCfg = Release|Any CPU
		{0BAE7CCC-3854-4BFC-9E8C-9F3632BE7CC8}.Release|Any CPU.Build.0 = Release|Any CPU
	EndGlobalSection
	GlobalSection(SolutionProperties) = preSolution
		HideSolutionNode = FALSE
	EndGlobalSection
	GlobalSection(ExtensibilityGlobals) = postSolution
		SolutionGuid = {180EE21A-CDA0-4946-BD8A-42AC37210F2E}
	EndGlobalSection
EndGlobal
